
Microsoft Visual Studio Solution File, Format Version 12.00
# Visual Studio Version 17
VisualStudioVersion = 17.11.35208.52
MinimumVisualStudioVersion = 10.0.40219.1
Project("{FAE04EC0-301F-11D3-BF4B-00C04F79EFBC}") = "Practicas_Repaso", "Practicas_Repaso\Practicas_Repaso.csproj", "{FD77EFEB-3770-4ACF-AD8B-B0B6B178E831}"
EndProject
Global
	GlobalSection(SolutionConfigurationPlatforms) = preSolution
		Debug|Any CPU = Debug|Any CPU
		Release|Any CPU = Release|Any CPU
	EndGlobalSection
	GlobalSection(ProjectConfigurationPlatforms) = postSolution
		{FD77EFEB-3770-4ACF-AD8B-B0B6B178E831}.Debug|Any CPU.ActiveCfg = Debug|Any CPU
		{FD77EFEB-3770-4ACF-AD8B-B0B6B178E831}.Debug|Any CPU.Build.0 = Debug|Any CPU
		{FD77EFEB-3770-4ACF-AD8B-B0B6B178E831}.Release|Any CPU.ActiveCfg = Release|Any CPU
		{FD77EFEB-3770-4ACF-AD8B-B0B6B178E831}.Release|Any CPU.Build.0 = Release|Any CPU
	EndGlobalSection
	GlobalSection(SolutionProperties) = preSolution
		HideSolutionNode = FALSE
	EndGlobalSection
	GlobalSection(ExtensibilityGlobals) = postSolution
		SolutionGuid = {7C6BF792-62C9-4869-96D7-ED51367E4B1F}
	EndGlobalSection
EndGlobal
